{
  "name": "dendrite-dist",
  "version": "v0.13.3-1",
  "lockfileVersion": 3,
  "requires": true,
  "packages": {
    "": {
      "name": "dendrite-dist",
      "version": "v0.13.3-1",
      "license": "MIT",
      "optionalDependencies": {
        "dendrite-dist-darwin-arm64": "v0.13.3-1",
        "dendrite-dist-darwin-x64": "v0.13.3-1",
        "dendrite-dist-linux-arm64": "v0.13.3-1",
        "dendrite-dist-linux-x64": "v0.13.3-1",
        "dendrite-dist-win32-x64": "v0.13.3-1"
      }
    }
  }
}
